
Microsoft Visual Studio Solution File, Format Version 12.00
# Visual Studio Version 17
VisualStudioVersion = 17.4.33122.133
MinimumVisualStudioVersion = 10.0.40219.1
Project("{FAE04EC0-301F-11D3-BF4B-00C04F79EFBC}") = "AirlineManagement", "AirlineManagement.csproj", "{3715F7B2-DF96-4CDC-A0D7-DBC09864E043}"
EndProject
Global
	GlobalSection(SolutionConfigurationPlatforms) = preSolution
		Debug|Any CPU = Debug|Any CPU
		Release|Any CPU = Release|Any CPU
	EndGlobalSection
	GlobalSection(ProjectConfigurationPlatforms) = postSolution
		{3715F7B2-DF96-4CDC-A0D7-DBC09864E043}.Debug|Any CPU.ActiveCfg = Debug|Any CPU
		{3715F7B2-DF96-4CDC-A0D7-DBC09864E043}.Debug|Any CPU.Build.0 = Debug|Any CPU
		{3715F7B2-DF96-4CDC-A0D7-DBC09864E043}.Release|Any CPU.ActiveCfg = Release|Any CPU
		{3715F7B2-DF96-4CDC-A0D7-DBC09864E043}.Release|Any CPU.Build.0 = Release|Any CPU
	EndGlobalSection
	GlobalSection(SolutionProperties) = preSolution
		HideSolutionNode = FALSE
	EndGlobalSection
	GlobalSection(ExtensibilityGlobals) = postSolution
		SolutionGuid = {AA2EAA8B-952F-487A-8FCA-1C9AA4721FEB}
	EndGlobalSection
EndGlobal
